
Microsoft Visual Studio Solution File, Format Version 11.00
# Visual Studio 2010
Project("{FAE04EC0-301F-11D3-BF4B-00C04F79EFBC}") = "XmlOutput", "src\XmlOutput\XmlOutput.csproj", "{A7EF639F-764D-4DB4-8787-503A24A09954}"
EndProject
Global
	GlobalSection(SolutionConfigurationPlatforms) = preSolution
		Debug|Any CPU = Debug|Any CPU
		Release|Any CPU = Release|Any CPU
	EndGlobalSection
	GlobalSection(ProjectConfigurationPlatforms) = postSolution
		{A7EF639F-764D-4DB4-8787-503A24A09954}.Debug|Any CPU.ActiveCfg = Debug|Any CPU
		{A7EF639F-764D-4DB4-8787-503A24A09954}.Debug|Any CPU.Build.0 = Debug|Any CPU
		{A7EF639F-764D-4DB4-8787-503A24A09954}.Release|Any CPU.ActiveCfg = Release|Any CPU
		{A7EF639F-764D-4DB4-8787-503A24A09954}.Release|Any CPU.Build.0 = Release|Any CPU
	EndGlobalSection
	GlobalSection(SolutionProperties) = preSolution
		HideSolutionNode = FALSE
	EndGlobalSection
EndGlobal
